
Microsoft Visual Studio Solution File, Format Version 12.00
# Visual Studio Version 17
VisualStudioVersion = 17.5.33502.453
MinimumVisualStudioVersion = 10.0.40219.1
Project("{9A19103F-16F7-4668-BE54-9A1E7A4F7556}") = "AWSLambda2", "AWSLambda2\AWSLambda2.csproj", "{92FAD5B3-DCF4-4908-BCCD-E5AEBFEEA4D2}"
EndProject
Global
	GlobalSection(SolutionConfigurationPlatforms) = preSolution
		Debug|Any CPU = Debug|Any CPU
		Release|Any CPU = Release|Any CPU
	EndGlobalSection
	GlobalSection(ProjectConfigurationPlatforms) = postSolution
		{92FAD5B3-DCF4-4908-BCCD-E5AEBFEEA4D2}.Debug|Any CPU.ActiveCfg = Debug|Any CPU
		{92FAD5B3-DCF4-4908-BCCD-E5AEBFEEA4D2}.Debug|Any CPU.Build.0 = Debug|Any CPU
		{92FAD5B3-DCF4-4908-BCCD-E5AEBFEEA4D2}.Release|Any CPU.ActiveCfg = Release|Any CPU
		{92FAD5B3-DCF4-4908-BCCD-E5AEBFEEA4D2}.Release|Any CPU.Build.0 = Release|Any CPU
	EndGlobalSection
	GlobalSection(SolutionProperties) = preSolution
		HideSolutionNode = FALSE
	EndGlobalSection
	GlobalSection(ExtensibilityGlobals) = postSolution
		SolutionGuid = {1C7A10A9-D5A0-4CA6-B145-4F59B1E7CE6B}
	EndGlobalSection
EndGlobal
